{
  "name": "react-spotify-demo",
  "version": "0.1.0",
  "lockfileVersion": 1,
  "requires": true,
  "dependencies": {
    "react-spotify-player": {
      "version": "1.0.4",
      "resolved": "https://registry.npmjs.org/react-spotify-player/-/react-spotify-player-1.0.4.tgz",
      "integrity": "sha512-9iF9vgWqJC+SUaNxUWkD/DCKQ5BJZoeX31mh4KZdb60xhaVq9yaH+Lvq9HLNAUbS5BhhjLJLyGRo45A5qkzH3w=="
    }
  }
}
